# This file is automatically @generated by Cargo.
# It is not intended for manual editing.
version = 3

[[package]]
name = "anyhow"
version = "1.0.53"
source = "registry+https://github.com/rust-lang/crates.io-index"
checksum = "94a45b455c14666b85fc40a019e8ab9eb75e3a124e05494f5397122bc9eb06e0"

[[package]]
name = "cfg-if"
version = "1.0.0"
source = "registry+https://github.com/rust-lang/crates.io-index"
checksum = "baf1de4339761588bc0619e3cbc0120ee582ebb74b53b4efbf79117bd2da40fd"

[[package]]
name = "get-uuid"
version = "0.1.0"
dependencies = [
 "anyhow",
 "toml",
 "uuid",
]

[[package]]
name = "getrandom"
version = "0.2.4"
source = "registry+https://github.com/rust-lang/crates.io-index"
checksum = "418d37c8b1d42553c93648be529cb70f920d3baf8ef469b74b9638df426e0b4c"
dependencies = [
 "cfg-if",
 "libc",
 "wasi",
]

[[package]]
name = "libc"
version = "0.2.116"
source = "registry+https://github.com/rust-lang/crates.io-index"
checksum = "565dbd88872dbe4cc8a46e527f26483c1d1f7afa6b884a3bd6cd893d4f98da74"

[[package]]
name = "serde"
version = "1.0.136"
source = "registry+https://github.com/rust-lang/crates.io-index"
checksum = "ce31e24b01e1e524df96f1c2fdd054405f8d7376249a5110886fb4b658484789"

[[package]]
name = "toml"
version = "0.5.8"
source = "registry+https://github.com/rust-lang/crates.io-index"
checksum = "a31142970826733df8241ef35dc040ef98c679ab14d7c3e54d827099b3acecaa"
dependencies = [
 "serde",
]

[[package]]
name = "uuid"
version = "0.8.2"
source = "registry+https://github.com/rust-lang/crates.io-index"
checksum = "bc5cf98d8186244414c848017f0e2676b3fcb46807f6668a97dfe67359a3c4b7"
dependencies = [
 "getrandom",
]

[[package]]
name = "wasi"
version = "0.10.2+wasi-snapshot-preview1"
source = "registry+https://github.com/rust-lang/crates.io-index"
checksum = "fd6fbd9a79829dd1ad0cc20627bf1ed606756a7f77edff7b66b7064f9cb327c6"
