# This file is automatically @generated by Cargo.
# It is not intended for manual editing.
version = 3

[[package]]
name = "anyhow"
version = "1.0.69"
source = "registry+https://github.com/rust-lang/crates.io-index"
checksum = "224afbd727c3d6e4b90103ece64b8d1b67fbb1973b1046c2281eed3f3803f800"

[[package]]
name = "autocfg"
version = "1.1.0"
source = "registry+https://github.com/rust-lang/crates.io-index"
checksum = "d468802bab17cbc0cc575e9b053f41e72aa36bfa6b7f55e3529ffa43161b97fa"

[[package]]
name = "cfg-if"
version = "1.0.0"
source = "registry+https://github.com/rust-lang/crates.io-index"
checksum = "baf1de4339761588bc0619e3cbc0120ee582ebb74b53b4efbf79117bd2da40fd"

[[package]]
name = "get-uuid"
version = "0.1.0"
dependencies = [
 "anyhow",
 "toml",
 "uuid",
]

[[package]]
name = "getrandom"
version = "0.2.4"
source = "registry+https://github.com/rust-lang/crates.io-index"
checksum = "418d37c8b1d42553c93648be529cb70f920d3baf8ef469b74b9638df426e0b4c"
dependencies = [
 "cfg-if",
 "libc",
 "wasi",
]

[[package]]
name = "hashbrown"
version = "0.12.3"
source = "registry+https://github.com/rust-lang/crates.io-index"
checksum = "8a9ee70c43aaf417c914396645a0fa852624801b24ebb7ae78fe8272889ac888"

[[package]]
name = "indexmap"
version = "1.9.2"
source = "registry+https://github.com/rust-lang/crates.io-index"
checksum = "1885e79c1fc4b10f0e172c475f458b7f7b93061064d98c3293e98c5ba0c8b399"
dependencies = [
 "autocfg",
 "hashbrown",
]

[[package]]
name = "libc"
version = "0.2.116"
source = "registry+https://github.com/rust-lang/crates.io-index"
checksum = "565dbd88872dbe4cc8a46e527f26483c1d1f7afa6b884a3bd6cd893d4f98da74"

[[package]]
name = "memchr"
version = "2.5.0"
source = "registry+https://github.com/rust-lang/crates.io-index"
checksum = "2dffe52ecf27772e601905b7522cb4ef790d2cc203488bbd0e2fe85fcb74566d"

[[package]]
name = "serde"
version = "1.0.152"
source = "registry+https://github.com/rust-lang/crates.io-index"
checksum = "bb7d1f0d3021d347a83e556fc4683dea2ea09d87bccdf88ff5c12545d89d5efb"

[[package]]
name = "serde_spanned"
version = "0.6.1"
source = "registry+https://github.com/rust-lang/crates.io-index"
checksum = "0efd8caf556a6cebd3b285caf480045fcc1ac04f6bd786b09a6f11af30c4fcf4"
dependencies = [
 "serde",
]

[[package]]
name = "toml"
version = "0.7.2"
source = "registry+https://github.com/rust-lang/crates.io-index"
checksum = "f7afcae9e3f0fe2c370fd4657108972cbb2fa9db1b9f84849cefd80741b01cb6"
dependencies = [
 "serde",
 "serde_spanned",
 "toml_datetime",
 "toml_edit",
]

[[package]]
name = "toml_datetime"
version = "0.6.1"
source = "registry+https://github.com/rust-lang/crates.io-index"
checksum = "3ab8ed2edee10b50132aed5f331333428b011c99402b5a534154ed15746f9622"
dependencies = [
 "serde",
]

[[package]]
name = "toml_edit"
version = "0.19.4"
source = "registry+https://github.com/rust-lang/crates.io-index"
checksum = "9a1eb0622d28f4b9c90adc4ea4b2b46b47663fde9ac5fafcb14a1369d5508825"
dependencies = [
 "indexmap",
 "serde",
 "serde_spanned",
 "toml_datetime",
 "winnow",
]

[[package]]
name = "uuid"
version = "1.3.0"
source = "registry+https://github.com/rust-lang/crates.io-index"
checksum = "1674845326ee10d37ca60470760d4288a6f80f304007d92e5c53bab78c9cfd79"
dependencies = [
 "getrandom",
]

[[package]]
name = "wasi"
version = "0.10.2+wasi-snapshot-preview1"
source = "registry+https://github.com/rust-lang/crates.io-index"
checksum = "fd6fbd9a79829dd1ad0cc20627bf1ed606756a7f77edff7b66b7064f9cb327c6"

[[package]]
name = "winnow"
version = "0.3.5"
source = "registry+https://github.com/rust-lang/crates.io-index"
checksum = "ee7b2c67f962bf5042bfd8b6a916178df33a26eec343ae064cb8e069f638fa6f"
dependencies = [
 "memchr",
]
