# This file is automatically @generated by Cargo.
# It is not intended for manual editing.
version = 3

[[package]]
name = "aho-corasick"
version = "0.7.20"
source = "registry+https://github.com/rust-lang/crates.io-index"
checksum = "cc936419f96fa211c1b9166887b38e5e40b19958e5b895be7c1f93adec7071ac"
dependencies = [
 "memchr",
]

[[package]]
name = "aho-corasick"
version = "1.0.1"
source = "registry+https://github.com/rust-lang/crates.io-index"
checksum = "67fc08ce920c31afb70f013dcce1bfc3a3195de6a228474e45e1f145b36f8d04"
dependencies = [
 "memchr",
]

[[package]]
name = "aligned"
version = "0.4.1"
source = "registry+https://github.com/rust-lang/crates.io-index"
checksum = "80a21b9440a626c7fc8573a9e3d3a06b75c7c97754c2949bc7857b90353ca655"
dependencies = [
 "as-slice",
]

[[package]]
name = "android-tzdata"
version = "0.1.1"
source = "registry+https://github.com/rust-lang/crates.io-index"
checksum = "e999941b234f3131b00bc13c22d06e8c5ff726d1b6318ac7eb276997bbb4fef0"

[[package]]
name = "android_system_properties"
version = "0.1.5"
source = "registry+https://github.com/rust-lang/crates.io-index"
checksum = "819e7219dbd41043ac279b19830f2efc897156490d7fd6ea916720117ee66311"
dependencies = [
 "libc",
]

[[package]]
name = "anyhow"
version = "1.0.71"
source = "registry+https://github.com/rust-lang/crates.io-index"
checksum = "9c7d0618f0e0b7e8ff11427422b64564d5fb0be1940354bfe2e0529b18a9d9b8"

[[package]]
name = "as-slice"
version = "0.2.1"
source = "registry+https://github.com/rust-lang/crates.io-index"
checksum = "516b6b4f0e40d50dcda9365d53964ec74560ad4284da2e7fc97122cd83174516"
dependencies = [
 "stable_deref_trait",
]

[[package]]
name = "async-task"
version = "4.4.0"
source = "registry+https://github.com/rust-lang/crates.io-index"
checksum = "ecc7ab41815b3c653ccd2978ec3255c81349336702dfdf62ee6f7069b12a3aae"

[[package]]
name = "atomic-polyfill"
version = "0.1.11"
source = "registry+https://github.com/rust-lang/crates.io-index"
checksum = "e3ff7eb3f316534d83a8a2c3d1674ace8a5a71198eba31e2e2b597833f699b28"
dependencies = [
 "critical-section",
]

[[package]]
name = "atomic-waker"
version = "1.1.1"
source = "registry+https://github.com/rust-lang/crates.io-index"
checksum = "1181e1e0d1fce796a03db1ae795d67167da795f9cf4a39c37589e85ef57f26d3"

[[package]]
name = "autocfg"
version = "1.1.0"
source = "registry+https://github.com/rust-lang/crates.io-index"
checksum = "d468802bab17cbc0cc575e9b053f41e72aa36bfa6b7f55e3529ffa43161b97fa"

[[package]]
name = "bindgen"
version = "0.63.0"
source = "registry+https://github.com/rust-lang/crates.io-index"
checksum = "36d860121800b2a9a94f9b5604b332d5cffb234ce17609ea479d723dbc9d3885"
dependencies = [
 "bitflags",
 "cexpr",
 "clang-sys",
 "lazy_static",
 "lazycell",
 "log",
 "peeking_take_while",
 "proc-macro2",
 "quote",
 "regex",
 "rustc-hash",
 "shlex",
 "syn 1.0.109",
 "which",
]

[[package]]
name = "bitflags"
version = "1.3.2"
source = "registry+https://github.com/rust-lang/crates.io-index"
checksum = "bef38d45163c2f1dde094a7dfd33ccf595c92905c8f8f4fdc18d06fb1037718a"

[[package]]
name = "bstr"
version = "1.5.0"
source = "registry+https://github.com/rust-lang/crates.io-index"
checksum = "a246e68bb43f6cd9db24bea052a53e40405417c5fb372e3d1a8a7f770a564ef5"
dependencies = [
 "memchr",
 "serde",
]

[[package]]
name = "build-time"
version = "0.1.3"
source = "registry+https://github.com/rust-lang/crates.io-index"
checksum = "f1219c19fc29b7bfd74b7968b420aff5bc951cf517800176e795d6b2300dd382"
dependencies = [
 "chrono",
 "once_cell",
 "proc-macro2",
 "quote",
 "syn 2.0.18",
]

[[package]]
name = "bumpalo"
version = "3.13.0"
source = "registry+https://github.com/rust-lang/crates.io-index"
checksum = "a3e2c3daef883ecc1b5d58c15adae93470a91d425f3532ba1695849656af3fc1"

[[package]]
name = "byteorder"
version = "1.4.3"
source = "registry+https://github.com/rust-lang/crates.io-index"
checksum = "14c189c53d098945499cdfa7ecc63567cf3886b3332b312a5b4585d8d3a6a610"

[[package]]
name = "camino"
version = "1.1.4"
source = "registry+https://github.com/rust-lang/crates.io-index"
checksum = "c530edf18f37068ac2d977409ed5cd50d53d73bc653c7647b48eb78976ac9ae2"
dependencies = [
 "serde",
]

[[package]]
name = "cargo-platform"
version = "0.1.2"
source = "registry+https://github.com/rust-lang/crates.io-index"
checksum = "cbdb825da8a5df079a43676dbe042702f1707b1109f713a01420fbb4cc71fa27"
dependencies = [
 "serde",
]

[[package]]
name = "cargo_metadata"
version = "0.15.4"
source = "registry+https://github.com/rust-lang/crates.io-index"
checksum = "eee4243f1f26fc7a42710e7439c149e2b10b05472f88090acce52632f231a73a"
dependencies = [
 "camino",
 "cargo-platform",
 "semver",
 "serde",
 "serde_json",
 "thiserror",
]

[[package]]
name = "cc"
version = "1.0.79"
source = "registry+https://github.com/rust-lang/crates.io-index"
checksum = "50d30906286121d95be3d479533b458f87493b30a4b5f79a607db8f5d11aa91f"

[[package]]
name = "cexpr"
version = "0.6.0"
source = "registry+https://github.com/rust-lang/crates.io-index"
checksum = "6fac387a98bb7c37292057cffc56d62ecb629900026402633ae9160df93a8766"
dependencies = [
 "nom",
]

[[package]]
name = "cfg-if"
version = "1.0.0"
source = "registry+https://github.com/rust-lang/crates.io-index"
checksum = "baf1de4339761588bc0619e3cbc0120ee582ebb74b53b4efbf79117bd2da40fd"

[[package]]
name = "chrono"
version = "0.4.26"
source = "registry+https://github.com/rust-lang/crates.io-index"
checksum = "ec837a71355b28f6556dbd569b37b3f363091c0bd4b2e735674521b4c5fd9bc5"
dependencies = [
 "android-tzdata",
 "iana-time-zone",
 "num-traits",
 "winapi",
]

[[package]]
name = "clang-sys"
version = "1.6.1"
source = "registry+https://github.com/rust-lang/crates.io-index"
checksum = "c688fc74432808e3eb684cae8830a86be1d66a2bd58e1f248ed0960a590baf6f"
dependencies = [
 "glob",
 "libc",
 "libloading",
]

[[package]]
name = "cmake"
version = "0.1.50"
source = "registry+https://github.com/rust-lang/crates.io-index"
checksum = "a31c789563b815f77f4250caee12365734369f942439b7defd71e18a48197130"
dependencies = [
 "cc",
]

[[package]]
name = "const_format"
version = "0.2.31"
source = "registry+https://github.com/rust-lang/crates.io-index"
checksum = "c990efc7a285731f9a4378d81aff2f0e85a2c8781a05ef0f8baa8dac54d0ff48"
dependencies = [
 "const_format_proc_macros",
]

[[package]]
name = "const_format_proc_macros"
version = "0.2.31"
source = "registry+https://github.com/rust-lang/crates.io-index"
checksum = "e026b6ce194a874cb9cf32cd5772d1ef9767cc8fcb5765948d74f37a9d8b2bf6"
dependencies = [
 "proc-macro2",
 "quote",
 "unicode-xid",
]

[[package]]
name = "core-foundation-sys"
version = "0.8.4"
source = "registry+https://github.com/rust-lang/crates.io-index"
checksum = "e496a50fda8aacccc86d7529e2c1e0892dbd0f898a6b5645b5561b89c3210efa"

[[package]]
name = "critical-section"
version = "1.1.1"
source = "registry+https://github.com/rust-lang/crates.io-index"
checksum = "6548a0ad5d2549e111e1f6a11a6c2e2d00ce6a3dafe22948d67c2b443f775e52"

[[package]]
name = "cvt"
version = "0.1.2"
source = "registry+https://github.com/rust-lang/crates.io-index"
checksum = "d2ae9bf77fbf2d39ef573205d554d87e86c12f1994e9ea335b0651b9b278bcf1"
dependencies = [
 "cfg-if",
]

[[package]]
name = "darling"
version = "0.20.1"
source = "registry+https://github.com/rust-lang/crates.io-index"
checksum = "0558d22a7b463ed0241e993f76f09f30b126687447751a8638587b864e4b3944"
dependencies = [
 "darling_core",
 "darling_macro",
]

[[package]]
name = "darling_core"
version = "0.20.1"
source = "registry+https://github.com/rust-lang/crates.io-index"
checksum = "ab8bfa2e259f8ee1ce5e97824a3c55ec4404a0d772ca7fa96bf19f0752a046eb"
dependencies = [
 "fnv",
 "ident_case",
 "proc-macro2",
 "quote",
 "syn 2.0.18",
]

[[package]]
name = "darling_macro"
version = "0.20.1"
source = "registry+https://github.com/rust-lang/crates.io-index"
checksum = "29a358ff9f12ec09c3e61fef9b5a9902623a695a46a917b07f269bff1445611a"
dependencies = [
 "darling_core",
 "quote",
 "syn 2.0.18",
]

[[package]]
name = "defmt"
version = "0.3.4"
source = "registry+https://github.com/rust-lang/crates.io-index"
checksum = "956673bd3cb347512bf988d1e8d89ac9a82b64f6eec54d3c01c3529dac019882"
dependencies = [
 "bitflags",
 "defmt-macros",
]

[[package]]
name = "defmt-macros"
version = "0.3.5"
source = "registry+https://github.com/rust-lang/crates.io-index"
checksum = "b4abc4821bd84d3d8f49945ddb24d029be9385ed9b77c99bf2f6296847a6a9f0"
dependencies = [
 "defmt-parser",
 "proc-macro-error",
 "proc-macro2",
 "quote",
 "syn 1.0.109",
]

[[package]]
name = "defmt-parser"
version = "0.3.3"
source = "registry+https://github.com/rust-lang/crates.io-index"
checksum = "269924c02afd7f94bc4cecbfa5c379f6ffcf9766b3408fe63d22c728654eccd0"
dependencies = [
 "thiserror",
]

[[package]]
name = "edge-executor"
version = "0.3.0"
source = "registry+https://github.com/rust-lang/crates.io-index"
checksum = "bc1d66feda51959c8bb07b752c20f1d061eceb178bc91b793a0b32c792c631cf"
dependencies = [
 "async-task",
 "heapless",
 "log",
 "waker-fn",
]

[[package]]
name = "either"
version = "1.8.1"
source = "registry+https://github.com/rust-lang/crates.io-index"
checksum = "7fcaabb2fef8c910e7f4c7ce9f67a1283a1715879a7c230ca9d6d1ae31f16d91"

[[package]]
name = "embassy-futures"
version = "0.1.0"
source = "registry+https://github.com/rust-lang/crates.io-index"
checksum = "47e5367165d347c039360f784812f493b001583ab6a3dd8622f4ce9c30374ec3"

[[package]]
name = "embedded-can"
version = "0.4.1"
source = "registry+https://github.com/rust-lang/crates.io-index"
checksum = "e9d2e857f87ac832df68fa498d18ddc679175cf3d2e4aa893988e5601baf9438"
dependencies = [
 "nb 1.1.0",
]

[[package]]
name = "embedded-hal"
version = "0.2.7"
source = "registry+https://github.com/rust-lang/crates.io-index"
checksum = "35949884794ad573cf46071e41c9b60efb0cb311e3ca01f7af807af1debc66ff"
dependencies = [
 "nb 0.1.3",
 "void",
]

[[package]]
name = "embedded-hal"
version = "1.0.0-alpha.10"
source = "registry+https://github.com/rust-lang/crates.io-index"
checksum = "f65c4d073f5d91c66e629b216818a4c9747eeda0debedf2deda9a0a947e4e93b"

[[package]]
name = "embedded-hal-nb"
version = "1.0.0-alpha.2"
source = "registry+https://github.com/rust-lang/crates.io-index"
checksum = "1465fffd56a95bbc105c17965bca1c1d5815027b1cc6bb183bc05d04563d065c"
dependencies = [
 "embedded-hal 1.0.0-alpha.10",
 "nb 1.1.0",
]

[[package]]
name = "embedded-io"
version = "0.4.0"
source = "registry+https://github.com/rust-lang/crates.io-index"
checksum = "ef1a6892d9eef45c8fa6b9e0086428a2cca8491aca8f787c534a3d6d0bcb3ced"
dependencies = [
 "futures",
]

[[package]]
name = "embedded-svc"
version = "0.25.0"
source = "registry+https://github.com/rust-lang/crates.io-index"
checksum = "c4b70d70bd45c40027ed1c997ec3fb63ffb7237d5b2ad7b7da89adf0c3b93c71"
dependencies = [
 "anyhow",
 "atomic-waker",
 "defmt",
 "embedded-io",
 "enumset",
 "heapless",
 "log",
 "no-std-net",
 "num_enum",
 "serde",
 "strum 0.23.0",
 "strum_macros 0.23.1",
]

[[package]]
name = "embuild"
version = "0.31.2"
source = "registry+https://github.com/rust-lang/crates.io-index"
checksum = "3ad838e9b86748e477f1d882c41777978947ca3a1f0cdde572234bc7dc68ed3d"
dependencies = [
 "anyhow",
 "bindgen",
 "bitflags",
 "cmake",
 "filetime",
 "globwalk",
 "home",
 "log",
 "remove_dir_all",
 "serde",
 "serde_json",
 "shlex",
 "strum 0.24.1",
 "tempfile",
 "thiserror",
 "which",
]

[[package]]
name = "enumset"
version = "1.1.2"
source = "registry+https://github.com/rust-lang/crates.io-index"
checksum = "e875f1719c16de097dee81ed675e2d9bb63096823ed3f0ca827b7dea3028bbbb"
dependencies = [
 "enumset_derive",
 "serde",
]

[[package]]
name = "enumset_derive"
version = "0.8.1"
source = "registry+https://github.com/rust-lang/crates.io-index"
checksum = "e08b6c6ab82d70f08844964ba10c7babb716de2ecaeab9be5717918a5177d3af"
dependencies = [
 "darling",
 "proc-macro2",
 "quote",
 "syn 2.0.18",
]

[[package]]
name = "envy"
version = "0.4.2"
source = "registry+https://github.com/rust-lang/crates.io-index"
checksum = "3f47e0157f2cb54f5ae1bd371b30a2ae4311e1c028f575cd4e81de7353215965"
dependencies = [
 "serde",
]

[[package]]
name = "errno"
version = "0.3.1"
source = "registry+https://github.com/rust-lang/crates.io-index"
checksum = "4bcfec3a70f97c962c307b2d2c56e358cf1d00b558d74262b5f929ee8cc7e73a"
dependencies = [
 "errno-dragonfly",
 "libc",
 "windows-sys 0.48.0",
]

[[package]]
name = "errno-dragonfly"
version = "0.1.2"
source = "registry+https://github.com/rust-lang/crates.io-index"
checksum = "aa68f1b12764fab894d2755d2518754e71b4fd80ecfb822714a1206c2aab39bf"
dependencies = [
 "cc",
 "libc",
]

[[package]]
name = "esp-idf-hal"
version = "0.41.1"
source = "registry+https://github.com/rust-lang/crates.io-index"
checksum = "6a96e45aac076e5ba2e98a650c22a7deca22dff9ee34b817898de60b14264381"
dependencies = [
 "anyhow",
 "atomic-waker",
 "edge-executor",
 "embedded-can",
 "embedded-hal 0.2.7",
 "embedded-hal 1.0.0-alpha.10",
 "embedded-hal-nb",
 "embuild",
 "enumset",
 "esp-idf-sys",
 "heapless",
 "nb 1.1.0",
]

[[package]]
name = "esp-idf-svc"
version = "0.46.0"
source = "registry+https://github.com/rust-lang/crates.io-index"
checksum = "665233a26567d141f1bab603b9a868dc28bb8bea1188e7d927bab44329b84d63"
dependencies = [
 "anyhow",
 "embassy-futures",
 "embedded-svc",
 "embuild",
 "enumset",
 "esp-idf-hal",
 "esp-idf-sys",
 "heapless",
 "log",
 "uncased",
]

[[package]]
name = "esp-idf-sys"
version = "0.33.0"
source = "registry+https://github.com/rust-lang/crates.io-index"
checksum = "707a61606531515dd0c6340b2f0d8801418834161c0ce09ceed625fd4e65145b"
dependencies = [
 "anyhow",
 "bindgen",
 "build-time",
 "cargo_metadata",
 "const_format",
 "embuild",
 "envy",
 "libc",
 "regex",
 "serde",
 "strum 0.24.1",
]

[[package]]
name = "fastrand"
version = "1.9.0"
source = "registry+https://github.com/rust-lang/crates.io-index"
checksum = "e51093e27b0797c359783294ca4f0a911c270184cb10f85783b118614a1501be"
dependencies = [
 "instant",
]

[[package]]
name = "filetime"
version = "0.2.21"
source = "registry+https://github.com/rust-lang/crates.io-index"
checksum = "5cbc844cecaee9d4443931972e1289c8ff485cb4cc2767cb03ca139ed6885153"
dependencies = [
 "cfg-if",
 "libc",
 "redox_syscall 0.2.16",
 "windows-sys 0.48.0",
]

[[package]]
name = "fnv"
version = "1.0.7"
source = "registry+https://github.com/rust-lang/crates.io-index"
checksum = "3f9eec918d3f24069decb9af1554cad7c880e2da24a9afd88aca000531ab82c1"

[[package]]
name = "fs_at"
version = "0.1.7"
source = "registry+https://github.com/rust-lang/crates.io-index"
checksum = "05f3d9f61154dd0125919431dba3b7627bd01b0a9b899cb9ebde8c3d1fc62e8d"
dependencies = [
 "aligned",
 "cfg-if",
 "cvt",
 "libc",
 "nix",
 "windows-sys 0.48.0",
]

[[package]]
name = "futures"
version = "0.3.28"
source = "registry+https://github.com/rust-lang/crates.io-index"
checksum = "23342abe12aba583913b2e62f22225ff9c950774065e4bfb61a19cd9770fec40"
dependencies = [
 "futures-channel",
 "futures-core",
 "futures-io",
 "futures-sink",
 "futures-task",
 "futures-util",
]

[[package]]
name = "futures-channel"
version = "0.3.28"
source = "registry+https://github.com/rust-lang/crates.io-index"
checksum = "955518d47e09b25bbebc7a18df10b81f0c766eaf4c4f1cccef2fca5f2a4fb5f2"
dependencies = [
 "futures-core",
 "futures-sink",
]

[[package]]
name = "futures-core"
version = "0.3.28"
source = "registry+https://github.com/rust-lang/crates.io-index"
checksum = "4bca583b7e26f571124fe5b7561d49cb2868d79116cfa0eefce955557c6fee8c"

[[package]]
name = "futures-io"
version = "0.3.28"
source = "registry+https://github.com/rust-lang/crates.io-index"
checksum = "4fff74096e71ed47f8e023204cfd0aa1289cd54ae5430a9523be060cdb849964"

[[package]]
name = "futures-sink"
version = "0.3.28"
source = "registry+https://github.com/rust-lang/crates.io-index"
checksum = "f43be4fe21a13b9781a69afa4985b0f6ee0e1afab2c6f454a8cf30e2b2237b6e"

[[package]]
name = "futures-task"
version = "0.3.28"
source = "registry+https://github.com/rust-lang/crates.io-index"
checksum = "76d3d132be6c0e6aa1534069c705a74a5997a356c0dc2f86a47765e5617c5b65"

[[package]]
name = "futures-util"
version = "0.3.28"
source = "registry+https://github.com/rust-lang/crates.io-index"
checksum = "26b01e40b772d54cf6c6d721c1d1abd0647a0106a12ecaa1c186273392a69533"
dependencies = [
 "futures-channel",
 "futures-core",
 "futures-io",
 "futures-sink",
 "futures-task",
 "memchr",
 "pin-project-lite",
 "pin-utils",
 "slab",
]

[[package]]
name = "glob"
version = "0.3.1"
source = "registry+https://github.com/rust-lang/crates.io-index"
checksum = "d2fabcfbdc87f4758337ca535fb41a6d701b65693ce38287d856d1674551ec9b"

[[package]]
name = "globset"
version = "0.4.10"
source = "registry+https://github.com/rust-lang/crates.io-index"
checksum = "029d74589adefde59de1a0c4f4732695c32805624aec7b68d91503d4dba79afc"
dependencies = [
 "aho-corasick 0.7.20",
 "bstr",
 "fnv",
 "log",
 "regex",
]

[[package]]
name = "globwalk"
version = "0.8.1"
source = "registry+https://github.com/rust-lang/crates.io-index"
checksum = "93e3af942408868f6934a7b85134a3230832b9977cf66125df2f9edcfce4ddcc"
dependencies = [
 "bitflags",
 "ignore",
 "walkdir",
]

[[package]]
name = "hash32"
version = "0.2.1"
source = "registry+https://github.com/rust-lang/crates.io-index"
checksum = "b0c35f58762feb77d74ebe43bdbc3210f09be9fe6742234d573bacc26ed92b67"
dependencies = [
 "byteorder",
]

[[package]]
name = "hashbrown"
version = "0.12.3"
source = "registry+https://github.com/rust-lang/crates.io-index"
checksum = "8a9ee70c43aaf417c914396645a0fa852624801b24ebb7ae78fe8272889ac888"

[[package]]
name = "heapless"
version = "0.7.16"
source = "registry+https://github.com/rust-lang/crates.io-index"
checksum = "db04bc24a18b9ea980628ecf00e6c0264f3c1426dac36c00cb49b6fbad8b0743"
dependencies = [
 "atomic-polyfill",
 "hash32",
 "rustc_version",
 "serde",
 "spin",
 "stable_deref_trait",
]

[[package]]
name = "heck"
version = "0.3.3"
source = "registry+https://github.com/rust-lang/crates.io-index"
checksum = "6d621efb26863f0e9924c6ac577e8275e5e6b77455db64ffa6c65c904e9e132c"
dependencies = [
 "unicode-segmentation",
]

[[package]]
name = "heck"
version = "0.4.1"
source = "registry+https://github.com/rust-lang/crates.io-index"
checksum = "95505c38b4572b2d910cecb0281560f54b440a19336cbbcb27bf6ce6adc6f5a8"

[[package]]
name = "hermit-abi"
version = "0.3.1"
source = "registry+https://github.com/rust-lang/crates.io-index"
checksum = "fed44880c466736ef9a5c5b5facefb5ed0785676d0c02d612db14e54f0d84286"

[[package]]
name = "home"
version = "0.5.5"
source = "registry+https://github.com/rust-lang/crates.io-index"
checksum = "5444c27eef6923071f7ebcc33e3444508466a76f7a2b93da00ed6e19f30c1ddb"
dependencies = [
 "windows-sys 0.48.0",
]

[[package]]
name = "iana-time-zone"
version = "0.1.56"
source = "registry+https://github.com/rust-lang/crates.io-index"
checksum = "0722cd7114b7de04316e7ea5456a0bbb20e4adb46fd27a3697adb812cff0f37c"
dependencies = [
 "android_system_properties",
 "core-foundation-sys",
 "iana-time-zone-haiku",
 "js-sys",
 "wasm-bindgen",
 "windows",
]

[[package]]
name = "iana-time-zone-haiku"
version = "0.1.2"
source = "registry+https://github.com/rust-lang/crates.io-index"
checksum = "f31827a206f56af32e590ba56d5d2d085f558508192593743f16b2306495269f"
dependencies = [
 "cc",
]

[[package]]
name = "ident_case"
version = "1.0.1"
source = "registry+https://github.com/rust-lang/crates.io-index"
checksum = "b9e0384b61958566e926dc50660321d12159025e767c18e043daf26b70104c39"

[[package]]
name = "ignore"
version = "0.4.20"
source = "registry+https://github.com/rust-lang/crates.io-index"
checksum = "dbe7873dab538a9a44ad79ede1faf5f30d49f9a5c883ddbab48bce81b64b7492"
dependencies = [
 "globset",
 "lazy_static",
 "log",
 "memchr",
 "regex",
 "same-file",
 "thread_local",
 "walkdir",
 "winapi-util",
]

[[package]]
name = "indexmap"
version = "1.9.3"
source = "registry+https://github.com/rust-lang/crates.io-index"
checksum = "bd070e393353796e801d209ad339e89596eb4c8d430d18ede6a1cced8fafbd99"
dependencies = [
 "autocfg",
 "hashbrown",
]

[[package]]
name = "instant"
version = "0.1.12"
source = "registry+https://github.com/rust-lang/crates.io-index"
checksum = "7a5bbe824c507c5da5956355e86a746d82e0e1464f65d862cc5e71da70e94b2c"
dependencies = [
 "cfg-if",
]

[[package]]
name = "io-lifetimes"
version = "1.0.11"
source = "registry+https://github.com/rust-lang/crates.io-index"
checksum = "eae7b9aee968036d54dce06cebaefd919e4472e753296daccd6d344e3e2df0c2"
dependencies = [
 "hermit-abi",
 "libc",
 "windows-sys 0.48.0",
]

[[package]]
name = "itoa"
version = "1.0.6"
source = "registry+https://github.com/rust-lang/crates.io-index"
checksum = "453ad9f582a441959e5f0d088b02ce04cfe8d51a8eaf077f12ac6d3e94164ca6"

[[package]]
name = "js-sys"
version = "0.3.63"
source = "registry+https://github.com/rust-lang/crates.io-index"
checksum = "2f37a4a5928311ac501dee68b3c7613a1037d0edb30c8e5427bd832d55d1b790"
dependencies = [
 "wasm-bindgen",
]

[[package]]
name = "lazy_static"
version = "1.4.0"
source = "registry+https://github.com/rust-lang/crates.io-index"
checksum = "e2abad23fbc42b3700f2f279844dc832adb2b2eb069b2df918f455c4e18cc646"

[[package]]
name = "lazycell"
version = "1.3.0"
source = "registry+https://github.com/rust-lang/crates.io-index"
checksum = "830d08ce1d1d941e6b30645f1a0eb5643013d835ce3779a5fc208261dbe10f55"

[[package]]
name = "libc"
version = "0.2.144"
source = "registry+https://github.com/rust-lang/crates.io-index"
checksum = "2b00cc1c228a6782d0f076e7b232802e0c5689d41bb5df366f2a6b6621cfdfe1"

[[package]]
name = "libloading"
version = "0.7.4"
source = "registry+https://github.com/rust-lang/crates.io-index"
checksum = "b67380fd3b2fbe7527a606e18729d21c6f3951633d0500574c4dc22d2d638b9f"
dependencies = [
 "cfg-if",
 "winapi",
]

[[package]]
name = "linux-raw-sys"
version = "0.3.8"
source = "registry+https://github.com/rust-lang/crates.io-index"
checksum = "ef53942eb7bf7ff43a617b3e2c1c4a5ecf5944a7c1bc12d7ee39bbb15e5c1519"

[[package]]
name = "lock_api"
version = "0.4.9"
source = "registry+https://github.com/rust-lang/crates.io-index"
checksum = "435011366fe56583b16cf956f9df0095b405b82d76425bc8981c0e22e60ec4df"
dependencies = [
 "autocfg",
 "scopeguard",
]

[[package]]
name = "log"
version = "0.4.18"
source = "registry+https://github.com/rust-lang/crates.io-index"
checksum = "518ef76f2f87365916b142844c16d8fefd85039bc5699050210a7778ee1cd1de"

[[package]]
name = "memchr"
version = "2.5.0"
source = "registry+https://github.com/rust-lang/crates.io-index"
checksum = "2dffe52ecf27772e601905b7522cb4ef790d2cc203488bbd0e2fe85fcb74566d"

[[package]]
name = "minimal-lexical"
version = "0.2.1"
source = "registry+https://github.com/rust-lang/crates.io-index"
checksum = "68354c5c6bd36d73ff3feceb05efa59b6acb7626617f4962be322a825e61f79a"

[[package]]
name = "nb"
version = "0.1.3"
source = "registry+https://github.com/rust-lang/crates.io-index"
checksum = "801d31da0513b6ec5214e9bf433a77966320625a37860f910be265be6e18d06f"
dependencies = [
 "nb 1.1.0",
]

[[package]]
name = "nb"
version = "1.1.0"
source = "registry+https://github.com/rust-lang/crates.io-index"
checksum = "8d5439c4ad607c3c23abf66de8c8bf57ba8adcd1f129e699851a6e43935d339d"

[[package]]
name = "nix"
version = "0.26.2"
source = "registry+https://github.com/rust-lang/crates.io-index"
checksum = "bfdda3d196821d6af13126e40375cdf7da646a96114af134d5f417a9a1dc8e1a"
dependencies = [
 "bitflags",
 "cfg-if",
 "libc",
 "static_assertions",
]

[[package]]
name = "no-std-net"
version = "0.5.0"
source = "registry+https://github.com/rust-lang/crates.io-index"
checksum = "1bcece43b12349917e096cddfa66107277f123e6c96a5aea78711dc601a47152"
dependencies = [
 "serde",
]

[[package]]
name = "nom"
version = "7.1.3"
source = "registry+https://github.com/rust-lang/crates.io-index"
checksum = "d273983c5a657a70a3e8f2a01329822f3b8c8172b73826411a55751e404a0a4a"
dependencies = [
 "memchr",
 "minimal-lexical",
]

[[package]]
name = "normpath"
version = "1.1.1"
source = "registry+https://github.com/rust-lang/crates.io-index"
checksum = "ec60c60a693226186f5d6edf073232bfb6464ed97eb22cf3b01c1e8198fd97f5"
dependencies = [
 "windows-sys 0.48.0",
]

[[package]]
name = "num-traits"
version = "0.2.15"
source = "registry+https://github.com/rust-lang/crates.io-index"
checksum = "578ede34cf02f8924ab9447f50c28075b4d3e5b269972345e7e0372b38c6cdcd"
dependencies = [
 "autocfg",
]

[[package]]
name = "num_enum"
version = "0.5.11"
source = "registry+https://github.com/rust-lang/crates.io-index"
checksum = "1f646caf906c20226733ed5b1374287eb97e3c2a5c227ce668c1f2ce20ae57c9"
dependencies = [
 "num_enum_derive",
]

[[package]]
name = "num_enum_derive"
version = "0.5.11"
source = "registry+https://github.com/rust-lang/crates.io-index"
checksum = "dcbff9bc912032c62bf65ef1d5aea88983b420f4f839db1e9b0c281a25c9c799"
dependencies = [
 "proc-macro-crate",
 "proc-macro2",
 "quote",
 "syn 1.0.109",
]

[[package]]
name = "once_cell"
version = "1.17.2"
source = "registry+https://github.com/rust-lang/crates.io-index"
checksum = "9670a07f94779e00908f3e686eab508878ebb390ba6e604d3a284c00e8d0487b"

[[package]]
name = "peeking_take_while"
version = "0.1.2"
source = "registry+https://github.com/rust-lang/crates.io-index"
checksum = "19b17cddbe7ec3f8bc800887bab5e717348c95ea2ca0b1bf0837fb964dc67099"

[[package]]
name = "pin-project-lite"
version = "0.2.9"
source = "registry+https://github.com/rust-lang/crates.io-index"
checksum = "e0a7ae3ac2f1173085d398531c705756c94a4c56843785df85a60c1a0afac116"

[[package]]
name = "pin-utils"
version = "0.1.0"
source = "registry+https://github.com/rust-lang/crates.io-index"
checksum = "8b870d8c151b6f2fb93e84a13146138f05d02ed11c7e7c54f8826aaaf7c9f184"

[[package]]
name = "proc-macro-crate"
version = "1.3.1"
source = "registry+https://github.com/rust-lang/crates.io-index"
checksum = "7f4c021e1093a56626774e81216a4ce732a735e5bad4868a03f3ed65ca0c3919"
dependencies = [
 "once_cell",
 "toml_edit",
]

[[package]]
name = "proc-macro-error"
version = "1.0.4"
source = "registry+https://github.com/rust-lang/crates.io-index"
checksum = "da25490ff9892aab3fcf7c36f08cfb902dd3e71ca0f9f9517bea02a73a5ce38c"
dependencies = [
 "proc-macro-error-attr",
 "proc-macro2",
 "quote",
 "syn 1.0.109",
 "version_check",
]

[[package]]
name = "proc-macro-error-attr"
version = "1.0.4"
source = "registry+https://github.com/rust-lang/crates.io-index"
checksum = "a1be40180e52ecc98ad80b184934baf3d0d29f979574e439af5a55274b35f869"
dependencies = [
 "proc-macro2",
 "quote",
 "version_check",
]

[[package]]
name = "proc-macro2"
version = "1.0.59"
source = "registry+https://github.com/rust-lang/crates.io-index"
checksum = "6aeca18b86b413c660b781aa319e4e2648a3e6f9eadc9b47e9038e6fe9f3451b"
dependencies = [
 "unicode-ident",
]

[[package]]
name = "quote"
version = "1.0.28"
source = "registry+https://github.com/rust-lang/crates.io-index"
checksum = "1b9ab9c7eadfd8df19006f1cf1a4aed13540ed5cbc047010ece5826e10825488"
dependencies = [
 "proc-macro2",
]

[[package]]
name = "redox_syscall"
version = "0.2.16"
source = "registry+https://github.com/rust-lang/crates.io-index"
checksum = "fb5a58c1855b4b6819d59012155603f0b22ad30cad752600aadfcb695265519a"
dependencies = [
 "bitflags",
]

[[package]]
name = "redox_syscall"
version = "0.3.5"
source = "registry+https://github.com/rust-lang/crates.io-index"
checksum = "567664f262709473930a4bf9e51bf2ebf3348f2e748ccc50dea20646858f8f29"
dependencies = [
 "bitflags",
]

[[package]]
name = "regex"
version = "1.8.3"
source = "registry+https://github.com/rust-lang/crates.io-index"
checksum = "81ca098a9821bd52d6b24fd8b10bd081f47d39c22778cafaa75a2857a62c6390"
dependencies = [
 "aho-corasick 1.0.1",
 "memchr",
 "regex-syntax",
]

[[package]]
name = "regex-syntax"
version = "0.7.2"
source = "registry+https://github.com/rust-lang/crates.io-index"
checksum = "436b050e76ed2903236f032a59761c1eb99e1b0aead2c257922771dab1fc8c78"

[[package]]
name = "remove_dir_all"
version = "0.8.2"
source = "registry+https://github.com/rust-lang/crates.io-index"
checksum = "23895cfadc1917fed9c6ed76a8c2903615fa3704f7493ff82b364c6540acc02b"
dependencies = [
 "aligned",
 "cfg-if",
 "cvt",
 "fs_at",
 "lazy_static",
 "libc",
 "normpath",
 "windows-sys 0.45.0",
]

[[package]]
name = "rustc-hash"
version = "1.1.0"
source = "registry+https://github.com/rust-lang/crates.io-index"
checksum = "08d43f7aa6b08d49f382cde6a7982047c3426db949b1424bc4b7ec9ae12c6ce2"

[[package]]
name = "rustc_version"
version = "0.4.0"
source = "registry+https://github.com/rust-lang/crates.io-index"
checksum = "bfa0f585226d2e68097d4f95d113b15b83a82e819ab25717ec0590d9584ef366"
dependencies = [
 "semver",
]

[[package]]
name = "rustix"
version = "0.37.19"
source = "registry+https://github.com/rust-lang/crates.io-index"
checksum = "acf8729d8542766f1b2cf77eb034d52f40d375bb8b615d0b147089946e16613d"
dependencies = [
 "bitflags",
 "errno",
 "io-lifetimes",
 "libc",
 "linux-raw-sys",
 "windows-sys 0.48.0",
]

[[package]]
name = "rustversion"
version = "1.0.12"
source = "registry+https://github.com/rust-lang/crates.io-index"
checksum = "4f3208ce4d8448b3f3e7d168a73f5e0c43a61e32930de3bceeccedb388b6bf06"

[[package]]
name = "ryu"
version = "1.0.13"
source = "registry+https://github.com/rust-lang/crates.io-index"
checksum = "f91339c0467de62360649f8d3e185ca8de4224ff281f66000de5eb2a77a79041"

[[package]]
name = "same-file"
version = "1.0.6"
source = "registry+https://github.com/rust-lang/crates.io-index"
checksum = "93fc1dc3aaa9bfed95e02e6eadabb4baf7e3078b0bd1b4d7b6b0b68378900502"
dependencies = [
 "winapi-util",
]

[[package]]
name = "scopeguard"
version = "1.1.0"
source = "registry+https://github.com/rust-lang/crates.io-index"
checksum = "d29ab0c6d3fc0ee92fe66e2d99f700eab17a8d57d1c1d3b748380fb20baa78cd"

[[package]]
name = "semver"
version = "1.0.17"
source = "registry+https://github.com/rust-lang/crates.io-index"
checksum = "bebd363326d05ec3e2f532ab7660680f3b02130d780c299bca73469d521bc0ed"
dependencies = [
 "serde",
]

[[package]]
name = "serde"
version = "1.0.163"
source = "registry+https://github.com/rust-lang/crates.io-index"
checksum = "2113ab51b87a539ae008b5c6c02dc020ffa39afd2d83cffcb3f4eb2722cebec2"
dependencies = [
 "serde_derive",
]

[[package]]
name = "serde_derive"
version = "1.0.163"
source = "registry+https://github.com/rust-lang/crates.io-index"
checksum = "8c805777e3930c8883389c602315a24224bcc738b63905ef87cd1420353ea93e"
dependencies = [
 "proc-macro2",
 "quote",
 "syn 2.0.18",
]

[[package]]
name = "serde_json"
version = "1.0.96"
source = "registry+https://github.com/rust-lang/crates.io-index"
checksum = "057d394a50403bcac12672b2b18fb387ab6d289d957dab67dd201875391e52f1"
dependencies = [
 "itoa",
 "ryu",
 "serde",
]

[[package]]
name = "shlex"
version = "1.1.0"
source = "registry+https://github.com/rust-lang/crates.io-index"
checksum = "43b2853a4d09f215c24cc5489c992ce46052d359b5109343cbafbf26bc62f8a3"

[[package]]
name = "slab"
version = "0.4.8"
source = "registry+https://github.com/rust-lang/crates.io-index"
checksum = "6528351c9bc8ab22353f9d776db39a20288e8d6c37ef8cfe3317cf875eecfc2d"
dependencies = [
 "autocfg",
]

[[package]]
name = "spin"
version = "0.9.8"
source = "registry+https://github.com/rust-lang/crates.io-index"
checksum = "6980e8d7511241f8acf4aebddbb1ff938df5eebe98691418c4468d0b72a96a67"
dependencies = [
 "lock_api",
]

[[package]]
name = "stable_deref_trait"
version = "1.2.0"
source = "registry+https://github.com/rust-lang/crates.io-index"
checksum = "a8f112729512f8e442d81f95a8a7ddf2b7c6b8a1a6f509a95864142b30cab2d3"

[[package]]
name = "static_assertions"
version = "1.1.0"
source = "registry+https://github.com/rust-lang/crates.io-index"
checksum = "a2eb9349b6444b326872e140eb1cf5e7c522154d69e7a0ffb0fb81c06b37543f"

[[package]]
name = "strum"
version = "0.23.0"
source = "registry+https://github.com/rust-lang/crates.io-index"
checksum = "cae14b91c7d11c9a851d3fbc80a963198998c2a64eec840477fa92d8ce9b70bb"
dependencies = [
 "strum_macros 0.23.1",
]

[[package]]
name = "strum"
version = "0.24.1"
source = "registry+https://github.com/rust-lang/crates.io-index"
checksum = "063e6045c0e62079840579a7e47a355ae92f60eb74daaf156fb1e84ba164e63f"
dependencies = [
 "strum_macros 0.24.3",
]

[[package]]
name = "strum_macros"
version = "0.23.1"
source = "registry+https://github.com/rust-lang/crates.io-index"
checksum = "5bb0dc7ee9c15cea6199cde9a127fa16a4c5819af85395457ad72d68edc85a38"
dependencies = [
 "heck 0.3.3",
 "proc-macro2",
 "quote",
 "rustversion",
 "syn 1.0.109",
]

[[package]]
name = "strum_macros"
version = "0.24.3"
source = "registry+https://github.com/rust-lang/crates.io-index"
checksum = "1e385be0d24f186b4ce2f9982191e7101bb737312ad61c1f2f984f34bcf85d59"
dependencies = [
 "heck 0.4.1",
 "proc-macro2",
 "quote",
 "rustversion",
 "syn 1.0.109",
]

[[package]]
name = "syn"
version = "1.0.109"
source = "registry+https://github.com/rust-lang/crates.io-index"
checksum = "72b64191b275b66ffe2469e8af2c1cfe3bafa67b529ead792a6d0160888b4237"
dependencies = [
 "proc-macro2",
 "quote",
 "unicode-ident",
]

[[package]]
name = "syn"
version = "2.0.18"
source = "registry+https://github.com/rust-lang/crates.io-index"
checksum = "32d41677bcbe24c20c52e7c70b0d8db04134c5d1066bf98662e2871ad200ea3e"
dependencies = [
 "proc-macro2",
 "quote",
 "unicode-ident",
]

[[package]]
name = "tempfile"
version = "3.5.0"
source = "registry+https://github.com/rust-lang/crates.io-index"
checksum = "b9fbec84f381d5795b08656e4912bec604d162bff9291d6189a78f4c8ab87998"
dependencies = [
 "cfg-if",
 "fastrand",
 "redox_syscall 0.3.5",
 "rustix",
 "windows-sys 0.45.0",
]

[[package]]
name = "thiserror"
version = "1.0.40"
source = "registry+https://github.com/rust-lang/crates.io-index"
checksum = "978c9a314bd8dc99be594bc3c175faaa9794be04a5a5e153caba6915336cebac"
dependencies = [
 "thiserror-impl",
]

[[package]]
name = "thiserror-impl"
version = "1.0.40"
source = "registry+https://github.com/rust-lang/crates.io-index"
checksum = "f9456a42c5b0d803c8cd86e73dd7cc9edd429499f37a3550d286d5e86720569f"
dependencies = [
 "proc-macro2",
 "quote",
 "syn 2.0.18",
]

[[package]]
name = "thread_local"
version = "1.1.7"
source = "registry+https://github.com/rust-lang/crates.io-index"
checksum = "3fdd6f064ccff2d6567adcb3873ca630700f00b5ad3f060c25b5dcfd9a4ce152"
dependencies = [
 "cfg-if",
 "once_cell",
]

[[package]]
name = "toml"
version = "0.5.11"
source = "registry+https://github.com/rust-lang/crates.io-index"
checksum = "f4f7f0dd8d50a853a531c426359045b1998f04219d88799810762cd4ad314234"
dependencies = [
 "serde",
]

[[package]]
name = "toml-cfg"
version = "0.1.3"
source = "registry+https://github.com/rust-lang/crates.io-index"
checksum = "91dbf509587452b781d208257bfe9923808873290d99505ee0eb0e6599540bdf"
dependencies = [
 "heck 0.4.1",
 "proc-macro2",
 "quote",
 "serde",
 "syn 1.0.109",
 "toml",
]

[[package]]
name = "toml_datetime"
version = "0.6.2"
source = "registry+https://github.com/rust-lang/crates.io-index"
checksum = "5a76a9312f5ba4c2dec6b9161fdf25d87ad8a09256ccea5a556fef03c706a10f"

[[package]]
name = "toml_edit"
version = "0.19.10"
source = "registry+https://github.com/rust-lang/crates.io-index"
checksum = "2380d56e8670370eee6566b0bfd4265f65b3f432e8c6d85623f728d4fa31f739"
dependencies = [
 "indexmap",
 "toml_datetime",
 "winnow",
]

[[package]]
name = "uncased"
version = "0.9.9"
source = "registry+https://github.com/rust-lang/crates.io-index"
checksum = "9b9bc53168a4be7402ab86c3aad243a84dd7381d09be0eddc81280c1da95ca68"
dependencies = [
 "version_check",
]

[[package]]
name = "unicode-ident"
version = "1.0.9"
source = "registry+https://github.com/rust-lang/crates.io-index"
checksum = "b15811caf2415fb889178633e7724bad2509101cde276048e013b9def5e51fa0"

[[package]]
name = "unicode-segmentation"
version = "1.10.1"
source = "registry+https://github.com/rust-lang/crates.io-index"
checksum = "1dd624098567895118886609431a7c3b8f516e41d30e0643f03d94592a147e36"

[[package]]
name = "unicode-xid"
version = "0.2.4"
source = "registry+https://github.com/rust-lang/crates.io-index"
checksum = "f962df74c8c05a667b5ee8bcf162993134c104e96440b663c8daa176dc772d8c"

[[package]]
name = "version_check"
version = "0.9.4"
source = "registry+https://github.com/rust-lang/crates.io-index"
checksum = "49874b5167b65d7193b8aba1567f5c7d93d001cafc34600cee003eda787e483f"

[[package]]
name = "void"
version = "1.0.2"
source = "registry+https://github.com/rust-lang/crates.io-index"
checksum = "6a02e4885ed3bc0f2de90ea6dd45ebcbb66dacffe03547fadbb0eeae2770887d"

[[package]]
name = "waker-fn"
version = "1.1.0"
source = "registry+https://github.com/rust-lang/crates.io-index"
checksum = "9d5b2c62b4012a3e1eca5a7e077d13b3bf498c4073e33ccd58626607748ceeca"

[[package]]
name = "walkdir"
version = "2.3.3"
source = "registry+https://github.com/rust-lang/crates.io-index"
checksum = "36df944cda56c7d8d8b7496af378e6b16de9284591917d307c9b4d313c44e698"
dependencies = [
 "same-file",
 "winapi-util",
]

[[package]]
name = "wasm-bindgen"
version = "0.2.86"
source = "registry+https://github.com/rust-lang/crates.io-index"
checksum = "5bba0e8cb82ba49ff4e229459ff22a191bbe9a1cb3a341610c9c33efc27ddf73"
dependencies = [
 "cfg-if",
 "wasm-bindgen-macro",
]

[[package]]
name = "wasm-bindgen-backend"
version = "0.2.86"
source = "registry+https://github.com/rust-lang/crates.io-index"
checksum = "19b04bc93f9d6bdee709f6bd2118f57dd6679cf1176a1af464fca3ab0d66d8fb"
dependencies = [
 "bumpalo",
 "log",
 "once_cell",
 "proc-macro2",
 "quote",
 "syn 2.0.18",
 "wasm-bindgen-shared",
]

[[package]]
name = "wasm-bindgen-macro"
version = "0.2.86"
source = "registry+https://github.com/rust-lang/crates.io-index"
checksum = "14d6b024f1a526bb0234f52840389927257beb670610081360e5a03c5df9c258"
dependencies = [
 "quote",
 "wasm-bindgen-macro-support",
]

[[package]]
name = "wasm-bindgen-macro-support"
version = "0.2.86"
source = "registry+https://github.com/rust-lang/crates.io-index"
checksum = "e128beba882dd1eb6200e1dc92ae6c5dbaa4311aa7bb211ca035779e5efc39f8"
dependencies = [
 "proc-macro2",
 "quote",
 "syn 2.0.18",
 "wasm-bindgen-backend",
 "wasm-bindgen-shared",
]

[[package]]
name = "wasm-bindgen-shared"
version = "0.2.86"
source = "registry+https://github.com/rust-lang/crates.io-index"
checksum = "ed9d5b4305409d1fc9482fee2d7f9bcbf24b3972bf59817ef757e23982242a93"

[[package]]
name = "which"
version = "4.4.0"
source = "registry+https://github.com/rust-lang/crates.io-index"
checksum = "2441c784c52b289a054b7201fc93253e288f094e2f4be9058343127c4226a269"
dependencies = [
 "either",
 "libc",
 "once_cell",
]

[[package]]
name = "wifi"
version = "0.1.0"
dependencies = [
 "anyhow",
 "embedded-svc",
 "embuild",
 "esp-idf-hal",
 "esp-idf-svc",
 "esp-idf-sys",
 "log",
 "toml-cfg",
]

[[package]]
name = "winapi"
version = "0.3.9"
source = "registry+https://github.com/rust-lang/crates.io-index"
checksum = "5c839a674fcd7a98952e593242ea400abe93992746761e38641405d28b00f419"
dependencies = [
 "winapi-i686-pc-windows-gnu",
 "winapi-x86_64-pc-windows-gnu",
]

[[package]]
name = "winapi-i686-pc-windows-gnu"
version = "0.4.0"
source = "registry+https://github.com/rust-lang/crates.io-index"
checksum = "ac3b87c63620426dd9b991e5ce0329eff545bccbbb34f3be09ff6fb6ab51b7b6"

[[package]]
name = "winapi-util"
version = "0.1.5"
source = "registry+https://github.com/rust-lang/crates.io-index"
checksum = "70ec6ce85bb158151cae5e5c87f95a8e97d2c0c4b001223f33a334e3ce5de178"
dependencies = [
 "winapi",
]

[[package]]
name = "winapi-x86_64-pc-windows-gnu"
version = "0.4.0"
source = "registry+https://github.com/rust-lang/crates.io-index"
checksum = "712e227841d057c1ee1cd2fb22fa7e5a5461ae8e48fa2ca79ec42cfc1931183f"

[[package]]
name = "windows"
version = "0.48.0"
source = "registry+https://github.com/rust-lang/crates.io-index"
checksum = "e686886bc078bc1b0b600cac0147aadb815089b6e4da64016cbd754b6342700f"
dependencies = [
 "windows-targets 0.48.0",
]

[[package]]
name = "windows-sys"
version = "0.45.0"
source = "registry+https://github.com/rust-lang/crates.io-index"
checksum = "75283be5efb2831d37ea142365f009c02ec203cd29a3ebecbc093d52315b66d0"
dependencies = [
 "windows-targets 0.42.2",
]

[[package]]
name = "windows-sys"
version = "0.48.0"
source = "registry+https://github.com/rust-lang/crates.io-index"
checksum = "677d2418bec65e3338edb076e806bc1ec15693c5d0104683f2efe857f61056a9"
dependencies = [
 "windows-targets 0.48.0",
]

[[package]]
name = "windows-targets"
version = "0.42.2"
source = "registry+https://github.com/rust-lang/crates.io-index"
checksum = "8e5180c00cd44c9b1c88adb3693291f1cd93605ded80c250a75d472756b4d071"
dependencies = [
 "windows_aarch64_gnullvm 0.42.2",
 "windows_aarch64_msvc 0.42.2",
 "windows_i686_gnu 0.42.2",
 "windows_i686_msvc 0.42.2",
 "windows_x86_64_gnu 0.42.2",
 "windows_x86_64_gnullvm 0.42.2",
 "windows_x86_64_msvc 0.42.2",
]

[[package]]
name = "windows-targets"
version = "0.48.0"
source = "registry+https://github.com/rust-lang/crates.io-index"
checksum = "7b1eb6f0cd7c80c79759c929114ef071b87354ce476d9d94271031c0497adfd5"
dependencies = [
 "windows_aarch64_gnullvm 0.48.0",
 "windows_aarch64_msvc 0.48.0",
 "windows_i686_gnu 0.48.0",
 "windows_i686_msvc 0.48.0",
 "windows_x86_64_gnu 0.48.0",
 "windows_x86_64_gnullvm 0.48.0",
 "windows_x86_64_msvc 0.48.0",
]

[[package]]
name = "windows_aarch64_gnullvm"
version = "0.42.2"
source = "registry+https://github.com/rust-lang/crates.io-index"
checksum = "597a5118570b68bc08d8d59125332c54f1ba9d9adeedeef5b99b02ba2b0698f8"

[[package]]
name = "windows_aarch64_gnullvm"
version = "0.48.0"
source = "registry+https://github.com/rust-lang/crates.io-index"
checksum = "91ae572e1b79dba883e0d315474df7305d12f569b400fcf90581b06062f7e1bc"

[[package]]
name = "windows_aarch64_msvc"
version = "0.42.2"
source = "registry+https://github.com/rust-lang/crates.io-index"
checksum = "e08e8864a60f06ef0d0ff4ba04124db8b0fb3be5776a5cd47641e942e58c4d43"

[[package]]
name = "windows_aarch64_msvc"
version = "0.48.0"
source = "registry+https://github.com/rust-lang/crates.io-index"
checksum = "b2ef27e0d7bdfcfc7b868b317c1d32c641a6fe4629c171b8928c7b08d98d7cf3"

[[package]]
name = "windows_i686_gnu"
version = "0.42.2"
source = "registry+https://github.com/rust-lang/crates.io-index"
checksum = "c61d927d8da41da96a81f029489353e68739737d3beca43145c8afec9a31a84f"

[[package]]
name = "windows_i686_gnu"
version = "0.48.0"
source = "registry+https://github.com/rust-lang/crates.io-index"
checksum = "622a1962a7db830d6fd0a69683c80a18fda201879f0f447f065a3b7467daa241"

[[package]]
name = "windows_i686_msvc"
version = "0.42.2"
source = "registry+https://github.com/rust-lang/crates.io-index"
checksum = "44d840b6ec649f480a41c8d80f9c65108b92d89345dd94027bfe06ac444d1060"

[[package]]
name = "windows_i686_msvc"
version = "0.48.0"
source = "registry+https://github.com/rust-lang/crates.io-index"
checksum = "4542c6e364ce21bf45d69fdd2a8e455fa38d316158cfd43b3ac1c5b1b19f8e00"

[[package]]
name = "windows_x86_64_gnu"
version = "0.42.2"
source = "registry+https://github.com/rust-lang/crates.io-index"
checksum = "8de912b8b8feb55c064867cf047dda097f92d51efad5b491dfb98f6bbb70cb36"

[[package]]
name = "windows_x86_64_gnu"
version = "0.48.0"
source = "registry+https://github.com/rust-lang/crates.io-index"
checksum = "ca2b8a661f7628cbd23440e50b05d705db3686f894fc9580820623656af974b1"

[[package]]
name = "windows_x86_64_gnullvm"
version = "0.42.2"
source = "registry+https://github.com/rust-lang/crates.io-index"
checksum = "26d41b46a36d453748aedef1486d5c7a85db22e56aff34643984ea85514e94a3"

[[package]]
name = "windows_x86_64_gnullvm"
version = "0.48.0"
source = "registry+https://github.com/rust-lang/crates.io-index"
checksum = "7896dbc1f41e08872e9d5e8f8baa8fdd2677f29468c4e156210174edc7f7b953"

[[package]]
name = "windows_x86_64_msvc"
version = "0.42.2"
source = "registry+https://github.com/rust-lang/crates.io-index"
checksum = "9aec5da331524158c6d1a4ac0ab1541149c0b9505fde06423b02f5ef0106b9f0"

[[package]]
name = "windows_x86_64_msvc"
version = "0.48.0"
source = "registry+https://github.com/rust-lang/crates.io-index"
checksum = "1a515f5799fe4961cb532f983ce2b23082366b898e52ffbce459c86f67c8378a"

[[package]]
name = "winnow"
version = "0.4.6"
source = "registry+https://github.com/rust-lang/crates.io-index"
checksum = "61de7bac303dc551fe038e2b3cef0f571087a47571ea6e79a87692ac99b99699"
dependencies = [
 "memchr",
]
