# This file is automatically @generated by Cargo.
# It is not intended for manual editing.
version = 3

[[package]]
name = "bytemuck"
version = "1.7.3"
source = "registry+https://github.com/rust-lang/crates.io-index"
checksum = "439989e6b8c38d1b6570a384ef1e49c8848128f5a97f3914baef02920842712f"

[[package]]
name = "mqtt-messages"
version = "0.1.0"
dependencies = [
 "rgb",
]

[[package]]
name = "rgb"
version = "0.8.31"
source = "registry+https://github.com/rust-lang/crates.io-index"
checksum = "9a374af9a0e5fdcdd98c1c7b64f05004f9ea2555b6c75f211daa81268a3c50f1"
dependencies = [
 "bytemuck",
]
